{
  "name": "octant",
  "version": "0.24.0",
  "lockfileVersion": 1,
  "requires": true,
  "dependencies": {
    "ansi-html": {
      "version": "0.0.7",
      "resolved": "https://registry.npmjs.org/ansi-html/-/ansi-html-0.0.7.tgz",
      "integrity": "sha1-gTWEAhliqenm/QOflA0S9WynhZ4=",
      "dev": true
    },
    "webpack-dev-server": {
      "version": "3.11.2",
      "resolved": "https://registry.npmjs.org/webpack-dev-server/-/webpack-dev-server-3.11.2.tgz",
      "integrity": "sha512-A80BkuHRQfCiNtGBS1EMf2ChTUs0x+B3wGDFmOeT4rmJOHhHTCH2naNxIHhmkr0/UillP4U3yeIyv1pNp+QDLQ==",
      "dev": true,
      "requires": {
        "ansi-html": "0.0.7",
        "bonjour": "^3.5.0",
        "chokidar": "^2.1.8",
        "compression": "^1.7.4",
        "connect-history-api-fallback": "^1.6.0",
        "debug": "^4.1.1",
        "del": "^4.1.1",
        "express": "^4.17.1",
        "html-entities": "^1.3.1",
        "http-proxy-middleware": "0.19.1",
        "import-local": "^2.0.0",
        "internal-ip": "^4.3.0",
        "ip": "^1.1.5",
        "is-absolute-url": "^3.0.3",
        "killable": "^1.0.1",
        "loglevel": "^1.6.8",
        "opn": "^5.5.0",
        "p-retry": "^3.0.1",
        "portfinder": "^1.0.26",
        "schema-utils": "^1.0.0",
        "selfsigned": "^1.10.8",
        "semver": "^6.3.0",
        "serve-index": "^1.9.1",
        "sockjs": "^0.3.21",
        "sockjs-client": "^1.5.0",
        "spdy": "^4.0.2",
        "strip-ansi": "^3.0.1",
        "supports-color": "^6.1.0",
        "url": "^0.11.0",
        "webpack-dev-middleware": "^3.7.2",
        "webpack-log": "^2.0.0",
        "ws": "^6.2.1",
        "yargs": "^13.3.2"
      },
    },
    "webpack-hot-middleware": {
      "version": "2.25.0",
      "resolved": "https://registry.npmjs.org/webpack-hot-middleware/-/webpack-hot-middleware-2.25.0.tgz",
      "integrity": "sha512-xs5dPOrGPCzuRXNi8F6rwhawWvQQkeli5Ro48PRuQh8pYPCPmNnltP9itiUPT4xI8oW+y0m59lyyeQk54s5VgA==",
      "dev": true,
      "requires": {
        "ansi-html": "0.0.7",
        "html-entities": "^1.2.0",
        "querystring": "^0.2.0",
        "strip-ansi": "^3.0.0"
      }
    },
    "react-dev-utils": {
      "version": "11.0.4",
      "resolved": "https://registry.npmjs.org/react-dev-utils/-/react-dev-utils-11.0.4.tgz",
      "integrity": "sha512-dx0LvIGHcOPtKbeiSUM4jqpBl3TcY7CDjZdfOIcKeznE7BWr9dg0iPG90G5yfVQ+p/rGNMXdbfStvzQZEVEi4A==",
      "dev": true,
      "requires": {
        "@babel/code-frame": "7.10.4",
        "address": "1.1.2",
        "browserslist": "^4.16.5",
        "chalk": "2.4.2",
        "cross-spawn": "7.0.3",
        "detect-port-alt": "1.1.6",
        "escape-string-regexp": "2.0.0",
        "filesize": "6.1.0",
        "find-up": "4.1.0",
        "fork-ts-checker-webpack-plugin": "4.1.6",
        "global-modules": "2.0.0",
        "globby": "11.0.1",
        "gzip-size": "5.1.1",
        "immer": "8.0.1",
        "is-root": "2.1.0",
        "loader-utils": "2.0.0",
        "open": "^7.0.2",
        "pkg-up": "3.1.0",
        "prompts": "2.4.0",
        "react-error-overlay": "^6.0.9",
        "recursive-readdir": "2.2.2",
        "shell-quote": "1.7.2",
        "strip-ansi": "6.0.0",
        "text-table": "0.2.0"
      },
      "dependencies": {
        "@babel/code-frame": {
          "version": "7.10.4",
          "resolved": "https://registry.npmjs.org/@babel/code-frame/-/code-frame-7.10.4.tgz",
          "integrity": "sha512-vG6SvB6oYEhvgisZNFRmRCUkLz11c7rp+tbNTynGqc6mS1d5ATd/sGyV6W0KZZnXRKMTzZDRgQT3Ou9jhpAfUg==",
          "dev": true,
          "requires": {
            "@babel/highlight": "^7.10.4"
          }
        },
        "@babel/helper-validator-identifier": {
          "version": "7.14.9",
          "resolved": "https://registry.npmjs.org/@babel/helper-validator-identifier/-/helper-validator-identifier-7.14.9.tgz",
          "integrity": "sha512-pQYxPY0UP6IHISRitNe8bsijHex4TWZXi2HwKVsjPiltzlhse2znVcm9Ace510VT1kxIHjGJCZZQBX2gJDbo0g==",
          "dev": true
        },
        "@babel/highlight": {
          "version": "7.14.5",
          "resolved": "https://registry.npmjs.org/@babel/highlight/-/highlight-7.14.5.tgz",
          "integrity": "sha512-qf9u2WFWVV0MppaL877j2dBtQIDgmidgjGk5VIMw3OadXvYaXn66U1BFlH2t4+t3i+8PhedppRv+i40ABzd+gg==",
          "dev": true,
          "requires": {
            "@babel/helper-validator-identifier": "^7.14.5",
            "chalk": "^2.0.0",
            "js-tokens": "^4.0.0"
          }
        },
        "ansi-regex": {
          "version": "5.0.0",
          "resolved": "https://registry.npmjs.org/ansi-regex/-/ansi-regex-5.0.0.tgz",
          "integrity": "sha512-bY6fj56OUQ0hU1KjFNDQuJFezqKdrAyFdIevADiqrWHwSlbmBNMHp5ak2f40Pm8JTFyM2mqxkG6ngkHO11f/lg==",
          "dev": true
        },
        "browserslist": {
          "version": "4.16.8",
          "resolved": "https://registry.npmjs.org/browserslist/-/browserslist-4.16.8.tgz",
          "integrity": "sha512-sc2m9ohR/49sWEbPj14ZSSZqp+kbi16aLao42Hmn3Z8FpjuMaq2xCA2l4zl9ITfyzvnvyE0hcg62YkIGKxgaNQ==",
          "dev": true,
          "requires": {
            "caniuse-lite": "^1.0.30001251",
            "colorette": "^1.3.0",
            "electron-to-chromium": "^1.3.811",
            "escalade": "^3.1.1",
            "node-releases": "^1.1.75"
          },
          "dependencies": {
            "caniuse-lite": {
              "version": "1.0.30001251",
              "resolved": "https://registry.npmjs.org/caniuse-lite/-/caniuse-lite-1.0.30001251.tgz",
              "integrity": "sha512-HOe1r+9VkU4TFmnU70z+r7OLmtR+/chB1rdcJUeQlAinjEeb0cKL20tlAtOagNZhbrtLnCvV19B4FmF1rgzl6A==",
              "dev": true
            },
            "colorette": {
              "version": "1.3.0",
              "resolved": "https://registry.npmjs.org/colorette/-/colorette-1.3.0.tgz",
              "integrity": "sha512-ecORCqbSFP7Wm8Y6lyqMJjexBQqXSF7SSeaTyGGphogUjBlFP9m9o08wy86HL2uB7fMTxtOUzLMk7ogKcxMg1w==",
              "dev": true
            },
            "electron-to-chromium": {
              "version": "1.3.812",
              "resolved": "https://registry.npmjs.org/electron-to-chromium/-/electron-to-chromium-1.3.812.tgz",
              "integrity": "sha512-7KiUHsKAWtSrjVoTSzxQ0nPLr/a+qoxNZwkwd9LkylTOgOXSVXkQbpIVT0WAUQcI5gXq3SwOTCrK+WfINHOXQg==",
              "dev": true
            },
            "node-releases": {
              "version": "1.1.75",
              "resolved": "https://registry.npmjs.org/node-releases/-/node-releases-1.1.75.tgz",
              "integrity": "sha512-Qe5OUajvqrqDSy6wrWFmMwfJ0jVgwiw4T3KqmbTcZ62qW0gQkheXYhcFM1+lOVcGUoRxcEcfyvFMAnDgaF1VWw==",
              "dev": true
            }
          }
        },
        "caniuse-lite": {
          "version": "1.0.30001249",
          "resolved": "https://registry.npmjs.org/caniuse-lite/-/caniuse-lite-1.0.30001249.tgz",
          "integrity": "sha512-vcX4U8lwVXPdqzPWi6cAJ3FnQaqXbBqy/GZseKNQzRj37J7qZdGcBtxq/QLFNLLlfsoXLUdHw8Iwenri86Tagw=="
        },
        "colorette": {
          "version": "1.2.2",
          "resolved": "https://registry.npmjs.org/colorette/-/colorette-1.2.2.tgz",
          "integrity": "sha512-MKGMzyfeuutC/ZJ1cba9NqcNpfeqMUcYmyF1ZFY6/Cn7CNSAKx6a+s48sqLqyAiZuaP2TcqMhoo+dlwFnVxT9w=="
        },
        "cross-spawn": {
          "version": "7.0.3",
          "resolved": "https://registry.npmjs.org/cross-spawn/-/cross-spawn-7.0.3.tgz",
          "integrity": "sha512-iRDPJKUPVEND7dHPO8rkbOnPpyDygcDFtWjpeWNCgy8WP2rXcxXL8TskReQl6OrB2G7+UJrags1q15Fudc7G6w==",
          "dev": true,
          "requires": {
            "path-key": "^3.1.0",
            "shebang-command": "^2.0.0",
            "which": "^2.0.1"
          }
        },
        "electron-to-chromium": {
          "version": "1.3.799",
          "resolved": "https://registry.npmjs.org/electron-to-chromium/-/electron-to-chromium-1.3.799.tgz",
          "integrity": "sha512-V2rbYWdGvSqrg+95KjkVuSi41bGfrhrOzjl1tSi2VLnm0mRe3FsSvhiqidSiSll9WiMhrQAhpDcW/wcqK3c+Yw=="
        },
        "escape-string-regexp": {
          "version": "2.0.0",
          "resolved": "https://registry.npmjs.org/escape-string-regexp/-/escape-string-regexp-2.0.0.tgz",
          "integrity": "sha512-UpzcLCXolUWcNu5HtVMHYdXJjArjsF9C0aNnquZYY4uW/Vu0miy5YoWvbV345HauVvcAUnpRuhMMcqTcGOY2+w==",
          "dev": true
        },
        "find-up": {
          "version": "4.1.0",
          "resolved": "https://registry.npmjs.org/find-up/-/find-up-4.1.0.tgz",
          "integrity": "sha512-PpOwAdQ/YlXQ2vj8a3h8IipDuYRi3wceVQQGYWxNINccq40Anw7BlsEXCMbt1Zt+OLA6Fq9suIpIWD0OsnISlw==",
          "dev": true,
          "requires": {
            "locate-path": "^5.0.0",
            "path-exists": "^4.0.0"
          }
        },
        "locate-path": {
          "version": "5.0.0",
          "resolved": "https://registry.npmjs.org/locate-path/-/locate-path-5.0.0.tgz",
          "integrity": "sha512-t7hw9pI+WvuwNJXwk5zVHpyhIqzg2qTlklJOf0mVxGSbe3Fp2VieZcduNYjaLDoy6p9uGpQEGWG87WpMKlNq8g==",
          "dev": true,
          "requires": {
            "p-locate": "^4.1.0"
          }
        },
        "node-releases": {
          "version": "1.1.73",
          "resolved": "https://registry.npmjs.org/node-releases/-/node-releases-1.1.73.tgz",
          "integrity": "sha512-uW7fodD6pyW2FZNZnp/Z3hvWKeEW1Y8R1+1CnErE8cXFXzl5blBOoVB41CvMer6P6Q0S5FXDwcHgFd1Wj0U9zg=="
        },
        "open": {
          "version": "7.4.2",
          "resolved": "https://registry.npmjs.org/open/-/open-7.4.2.tgz",
          "integrity": "sha512-MVHddDVweXZF3awtlAS+6pgKLlm/JgxZ90+/NBurBoQctVOOB/zDdVjcyPzQ+0laDGbsWgrRkflI65sQeOgT9Q==",
          "dev": true,
          "requires": {
            "is-docker": "^2.0.0",
            "is-wsl": "^2.1.1"
          }
        },
        "p-locate": {
          "version": "4.1.0",
          "resolved": "https://registry.npmjs.org/p-locate/-/p-locate-4.1.0.tgz",
          "integrity": "sha512-R79ZZ/0wAxKGu3oYMlz8jy/kbhsNrS7SKZ7PxEHBgJ5+F2mtFW2fK2cOtBh1cHYkQsbzFV7I+EoRKe6Yt0oK7A==",
          "dev": true,
          "requires": {
            "p-limit": "^2.2.0"
          }
        },
        "path-exists": {
          "version": "4.0.0",
          "resolved": "https://registry.npmjs.org/path-exists/-/path-exists-4.0.0.tgz",
          "integrity": "sha512-ak9Qy5Q7jYb2Wwcey5Fpvg2KoAc/ZIhLSLOSBmRmygPsGwkVVt0fZa0qrtMz+m6tJTAHfZQ8FnmB4MG4LWy7/w==",
          "dev": true
        },
        "path-key": {
          "version": "3.1.1",
          "resolved": "https://registry.npmjs.org/path-key/-/path-key-3.1.1.tgz",
          "integrity": "sha512-ojmeN0qd+y0jszEtoY48r0Peq5dwMEkIlCOu6Q5f41lfkswXuKtYrhgoTpLnyIcHm24Uhqx+5Tqm2InSwLhE6Q==",
          "dev": true
        },
        "shebang-command": {
          "version": "2.0.0",
          "resolved": "https://registry.npmjs.org/shebang-command/-/shebang-command-2.0.0.tgz",
          "integrity": "sha512-kHxr2zZpYtdmrN1qDjrrX/Z1rR1kG8Dx+gkpK1G4eXmvXswmcE1hTWBWYUzlraYw1/yZp6YuDY77YtvbN0dmDA==",
          "dev": true,
          "requires": {
            "shebang-regex": "^3.0.0"
          }
        },
        "shebang-regex": {
          "version": "3.0.0",
          "resolved": "https://registry.npmjs.org/shebang-regex/-/shebang-regex-3.0.0.tgz",
          "integrity": "sha512-7++dFhtcx3353uBaq8DDR4NuxBetBzC7ZQOhmTQInHEd6bSrXdiEyzCvG07Z44UYdLShWUyXt5M/yhz8ekcb1A==",
          "dev": true
        },
        "strip-ansi": {
          "version": "6.0.0",
          "resolved": "https://registry.npmjs.org/strip-ansi/-/strip-ansi-6.0.0.tgz",
          "integrity": "sha512-AuvKTrTfQNYNIctbR1K/YGTR1756GycPsg7b9bdV9Duqur4gv6aKqHXah67Z8ImS7WEz5QVcOtlfW2rZEugt6w==",
          "dev": true,
          "requires": {
            "ansi-regex": "^5.0.0"
          }
        },
        "which": {
          "version": "2.0.2",
          "resolved": "https://registry.npmjs.org/which/-/which-2.0.2.tgz",
          "integrity": "sha512-BLI3Tl1TW3Pvl70l3yq3Y64i+awpwXqsGBYWkkqMtnbXgrMD+yj7rhW0kuEDxzJaYXGjEW5ogapKNMEKNMjibA==",
          "dev": true,
          "requires": {
            "isexe": "^2.0.0"
          }
        }
      }
    },
    "immer": {
      "version": "8.0.1",
      "resolved": "https://registry.npmjs.org/immer/-/immer-8.0.1.tgz",
      "integrity": "sha512-aqXhGP7//Gui2+UrEtvxZxSquQVXTpZ7KDxfCcKAF3Vysvw0CViVaW9RZ1j1xlIYqaaaipBoqdqeibkc18PNvA==",
      "dev": true
    },
    "xmldom": {
      "version": "0.6.0",
      "resolved": "https://registry.npmjs.org/xmldom/-/xmldom-0.6.0.tgz",
      "integrity": "sha512-iAcin401y58LckRZ0TkI4k0VSM1Qg0KGSc3i8rU+xrxe19A/BN1zHyVSJY7uoutVlaTSzYyk/v5AmkewAP7jtg==",
      "dev": true
    },
  }
}
